
Microsoft Visual Studio Solution File, Format Version 12.00
# Visual Studio 2012
Project("{FAE04EC0-301F-11D3-BF4B-00C04F79EFBC}") = "MayLily.DataAccess.ContextExtensions", "MayLily.DataAccess.ContextExtensions\MayLily.DataAccess.ContextExtensions.csproj", "{97D1565A-4CEF-485C-ACAC-9D15728A03A9}"
EndProject
Project("{FAE04EC0-301F-11D3-BF4B-00C04F79EFBC}") = "MayLily.DataAccess.ContextExtensions.Sample", "MayLily.DataAccess.ContextExtensions.Sample\MayLily.DataAccess.ContextExtensions.Sample.csproj", "{6EB319D5-E806-4FB0-89A3-053EAE691386}"
EndProject
Global
	GlobalSection(SolutionConfigurationPlatforms) = preSolution
		Debug|Any CPU = Debug|Any CPU
		Release|Any CPU = Release|Any CPU
	EndGlobalSection
	GlobalSection(ProjectConfigurationPlatforms) = postSolution
		{97D1565A-4CEF-485C-ACAC-9D15728A03A9}.Debug|Any CPU.ActiveCfg = Debug|Any CPU
		{97D1565A-4CEF-485C-ACAC-9D15728A03A9}.Debug|Any CPU.Build.0 = Debug|Any CPU
		{97D1565A-4CEF-485C-ACAC-9D15728A03A9}.Release|Any CPU.ActiveCfg = Release|Any CPU
		{97D1565A-4CEF-485C-ACAC-9D15728A03A9}.Release|Any CPU.Build.0 = Release|Any CPU
		{6EB319D5-E806-4FB0-89A3-053EAE691386}.Debug|Any CPU.ActiveCfg = Debug|Any CPU
		{6EB319D5-E806-4FB0-89A3-053EAE691386}.Debug|Any CPU.Build.0 = Debug|Any CPU
		{6EB319D5-E806-4FB0-89A3-053EAE691386}.Release|Any CPU.ActiveCfg = Release|Any CPU
		{6EB319D5-E806-4FB0-89A3-053EAE691386}.Release|Any CPU.Build.0 = Release|Any CPU
	EndGlobalSection
	GlobalSection(SolutionProperties) = preSolution
		HideSolutionNode = FALSE
	EndGlobalSection
EndGlobal
